
Microsoft Visual Studio Solution File, Format Version 12.00
# Visual Studio Version 16
VisualStudioVersion = 16.0.31702.278
MinimumVisualStudioVersion = 10.0.40219.1
Project("{9A19103F-16F7-4668-BE54-9A1E7A4F7556}") = "Aoutontification", "Aoutontification\Aoutontification.csproj", "{36F391CB-8F73-4127-825B-839C90D98704}"
EndProject
Project("{9A19103F-16F7-4668-BE54-9A1E7A4F7556}") = "Timer", "Timer\Timer.csproj", "{9D593953-CFD1-4C87-BCF7-8E2BC6293C13}"
EndProject
Global
	GlobalSection(SolutionConfigurationPlatforms) = preSolution
		Debug|Any CPU = Debug|Any CPU
		Release|Any CPU = Release|Any CPU
	EndGlobalSection
	GlobalSection(ProjectConfigurationPlatforms) = postSolution
		{36F391CB-8F73-4127-825B-839C90D98704}.Debug|Any CPU.ActiveCfg = Debug|Any CPU
		{36F391CB-8F73-4127-825B-839C90D98704}.Debug|Any CPU.Build.0 = Debug|Any CPU
		{36F391CB-8F73-4127-825B-839C90D98704}.Release|Any CPU.ActiveCfg = Release|Any CPU
		{36F391CB-8F73-4127-825B-839C90D98704}.Release|Any CPU.Build.0 = Release|Any CPU
		{9D593953-CFD1-4C87-BCF7-8E2BC6293C13}.Debug|Any CPU.ActiveCfg = Debug|Any CPU
		{9D593953-CFD1-4C87-BCF7-8E2BC6293C13}.Debug|Any CPU.Build.0 = Debug|Any CPU
		{9D593953-CFD1-4C87-BCF7-8E2BC6293C13}.Release|Any CPU.ActiveCfg = Release|Any CPU
		{9D593953-CFD1-4C87-BCF7-8E2BC6293C13}.Release|Any CPU.Build.0 = Release|Any CPU
	EndGlobalSection
	GlobalSection(SolutionProperties) = preSolution
		HideSolutionNode = FALSE
	EndGlobalSection
	GlobalSection(ExtensibilityGlobals) = postSolution
		SolutionGuid = {1BE3C863-75BA-435B-B3D7-7E4756D5FD0D}
	EndGlobalSection
EndGlobal
